
Microsoft Visual Studio Solution File, Format Version 12.00
# Visual Studio Version 17
VisualStudioVersion = 17.13.35919.96 d17.13
MinimumVisualStudioVersion = 10.0.40219.1
Project("{FAE04EC0-301F-11D3-BF4B-00C04F79EFBC}") = "BookTest", "BookTest\BookTest.csproj", "{47D5599B-C606-4BA3-86AE-2B95383BEE9D}"
EndProject
Global
	GlobalSection(SolutionConfigurationPlatforms) = preSolution
		Debug|Any CPU = Debug|Any CPU
		Release|Any CPU = Release|Any CPU
	EndGlobalSection
	GlobalSection(ProjectConfigurationPlatforms) = postSolution
		{47D5599B-C606-4BA3-86AE-2B95383BEE9D}.Debug|Any CPU.ActiveCfg = Debug|Any CPU
		{47D5599B-C606-4BA3-86AE-2B95383BEE9D}.Debug|Any CPU.Build.0 = Debug|Any CPU
		{47D5599B-C606-4BA3-86AE-2B95383BEE9D}.Release|Any CPU.ActiveCfg = Release|Any CPU
		{47D5599B-C606-4BA3-86AE-2B95383BEE9D}.Release|Any CPU.Build.0 = Release|Any CPU
	EndGlobalSection
	GlobalSection(SolutionProperties) = preSolution
		HideSolutionNode = FALSE
	EndGlobalSection
	GlobalSection(ExtensibilityGlobals) = postSolution
		SolutionGuid = {2648621F-C2E1-40E7-9AEE-05DB53BF9B1E}
	EndGlobalSection
EndGlobal
